
Microsoft Visual Studio Solution File, Format Version 12.00
# Visual Studio Version 17
VisualStudioVersion = 17.0.31903.59
MinimumVisualStudioVersion = 15.0.26124.0
Project("{2150E333-8FDC-42A3-9474-1A3956D46DE8}") = "src", "src", "{69C84246-AA75-43E8-94B2-66FD555B18B0}"
EndProject
Project("{2150E333-8FDC-42A3-9474-1A3956D46DE8}") = "docs", "docs", "{DAC1423F-D386-4838-AEA0-8BFFBB449ED2}"
	ProjectSection(SolutionItems) = preProject
		README.md = README.md
	EndProjectSection
EndProject
Project("{2150E333-8FDC-42A3-9474-1A3956D46DE8}") = "test", "test", "{58BC6728-197C-484C-A8EC-38BC2F0B58C4}"
EndProject
Project("{9A19103F-16F7-4668-BE54-9A1E7A4F7556}") = "Atc.Azure.IoT", "src\Atc.Azure.IoT\Atc.Azure.IoT.csproj", "{A6CEF902-11CB-4877-BBD2-FBE1AF27A62F}"
EndProject
Project("{9A19103F-16F7-4668-BE54-9A1E7A4F7556}") = "Atc.Azure.IotEdge.Client.Tests", "test\Atc.Azure.IotEdge.Client.Tests\Atc.Azure.IotEdge.Client.Tests.csproj", "{607C2690-8F7C-4348-B38D-6DE633FC37F9}"
EndProject
Project("{9A19103F-16F7-4668-BE54-9A1E7A4F7556}") = "Atc.Azure.IoT.Tests", "test\Atc.Azure.IoT.Tests\Atc.Azure.IoT.Tests.csproj", "{CB8A2B57-146C-4D3F-B02C-F6DE21C5DE42}"
EndProject
Project("{9A19103F-16F7-4668-BE54-9A1E7A4F7556}") = "Atc.Azure.IoT.CLI", "src\Atc.Azure.IoT.CLI\Atc.Azure.IoT.CLI.csproj", "{2326FBB5-CB4B-4153-AF13-22152C265D5F}"
EndProject
Project("{9A19103F-16F7-4668-BE54-9A1E7A4F7556}") = "Atc.Azure.IoTEdge", "src\Atc.Azure.IoTEdge\Atc.Azure.IoTEdge.csproj", "{04852479-8932-4AE0-8D87-AABAED0EA971}"
EndProject
Project("{9A19103F-16F7-4668-BE54-9A1E7A4F7556}") = "Atc.Azure.IoTEdge.DeviceEmulator", "src\Atc.Azure.IoTEdge.DeviceEmulator\Atc.Azure.IoTEdge.DeviceEmulator.csproj", "{23EA1D43-328D-4EC1-830E-C1797E1666A6}"
EndProject
Project("{2150E333-8FDC-42A3-9474-1A3956D46DE8}") = "sample", "sample", "{E84E1AF8-ACAF-4D1A-A59D-999E873C0A71}"
EndProject
Project("{2150E333-8FDC-42A3-9474-1A3956D46DE8}") = "src", "src", "{711F4C2D-06C4-4A34-BDF3-5FA737DB1133}"
EndProject
Project("{2150E333-8FDC-42A3-9474-1A3956D46DE8}") = "IoTEdgeModules", "IoTEdgeModules", "{E122CEC1-82DD-43C7-952A-CBF61C0273B5}"
	ProjectSection(SolutionItems) = preProject
		sample\src\IoTEdgeModules\deployment.debug.template.json = sample\src\IoTEdgeModules\deployment.debug.template.json
		sample\src\IoTEdgeModules\deployment.template.emulation.manifest.json = sample\src\IoTEdgeModules\deployment.template.emulation.manifest.json
		sample\src\IoTEdgeModules\deployment.template.json = sample\src\IoTEdgeModules\deployment.template.json
	EndProjectSection
EndProject
Project("{2150E333-8FDC-42A3-9474-1A3956D46DE8}") = "modules", "modules", "{17137DCD-1D96-4640-9977-4CC9EED18057}"
EndProject
Project("{9A19103F-16F7-4668-BE54-9A1E7A4F7556}") = "Atc.Azure.Iot.Sample.Modules.Contracts", "sample\src\Atc.Azure.Iot.Sample.Modules.Contracts\Atc.Azure.Iot.Sample.Modules.Contracts.csproj", "{D996F215-48C7-4489-9B26-7AE3221A394A}"
EndProject
Project("{9A19103F-16F7-4668-BE54-9A1E7A4F7556}") = "SimulationModule", "sample\src\IoTEdgeModules\modules\simulationmodule\SimulationModule.csproj", "{B5E634E9-9CF8-469B-9312-B439E797A96D}"
EndProject
Project("{9A19103F-16F7-4668-BE54-9A1E7A4F7556}") = "OpcPublisherNodeManagerModule", "sample\src\IoTEdgeModules\modules\opcpublishernodemanagermodule\OpcPublisherNodeManagerModule.csproj", "{1A393DB3-C6F8-4736-9A5A-462394D320A5}"
EndProject
Project("{9A19103F-16F7-4668-BE54-9A1E7A4F7556}") = "Atc.Azure.Iot.Certificate.Sample", "sample\src\Atc.Azure.Iot.Certificate.Sample\Atc.Azure.Iot.Certificate.Sample.csproj", "{CBD19CC8-E6BF-4BF8-8121-A4E325115143}"
EndProject
Global
	GlobalSection(SolutionConfigurationPlatforms) = preSolution
		Debug|Any CPU = Debug|Any CPU
		Release|Any CPU = Release|Any CPU
	EndGlobalSection
	GlobalSection(ProjectConfigurationPlatforms) = postSolution
		{A6CEF902-11CB-4877-BBD2-FBE1AF27A62F}.Debug|Any CPU.ActiveCfg = Debug|Any CPU
		{A6CEF902-11CB-4877-BBD2-FBE1AF27A62F}.Debug|Any CPU.Build.0 = Debug|Any CPU
		{A6CEF902-11CB-4877-BBD2-FBE1AF27A62F}.Release|Any CPU.ActiveCfg = Release|Any CPU
		{A6CEF902-11CB-4877-BBD2-FBE1AF27A62F}.Release|Any CPU.Build.0 = Release|Any CPU
		{607C2690-8F7C-4348-B38D-6DE633FC37F9}.Debug|Any CPU.ActiveCfg = Debug|Any CPU
		{607C2690-8F7C-4348-B38D-6DE633FC37F9}.Debug|Any CPU.Build.0 = Debug|Any CPU
		{607C2690-8F7C-4348-B38D-6DE633FC37F9}.Release|Any CPU.ActiveCfg = Release|Any CPU
		{607C2690-8F7C-4348-B38D-6DE633FC37F9}.Release|Any CPU.Build.0 = Release|Any CPU
		{CB8A2B57-146C-4D3F-B02C-F6DE21C5DE42}.Debug|Any CPU.ActiveCfg = Debug|Any CPU
		{CB8A2B57-146C-4D3F-B02C-F6DE21C5DE42}.Debug|Any CPU.Build.0 = Debug|Any CPU
		{CB8A2B57-146C-4D3F-B02C-F6DE21C5DE42}.Release|Any CPU.ActiveCfg = Release|Any CPU
		{CB8A2B57-146C-4D3F-B02C-F6DE21C5DE42}.Release|Any CPU.Build.0 = Release|Any CPU
		{2326FBB5-CB4B-4153-AF13-22152C265D5F}.Debug|Any CPU.ActiveCfg = Debug|Any CPU
		{2326FBB5-CB4B-4153-AF13-22152C265D5F}.Debug|Any CPU.Build.0 = Debug|Any CPU
		{2326FBB5-CB4B-4153-AF13-22152C265D5F}.Release|Any CPU.ActiveCfg = Release|Any CPU
		{2326FBB5-CB4B-4153-AF13-22152C265D5F}.Release|Any CPU.Build.0 = Release|Any CPU
		{04852479-8932-4AE0-8D87-AABAED0EA971}.Debug|Any CPU.ActiveCfg = Debug|Any CPU
		{04852479-8932-4AE0-8D87-AABAED0EA971}.Debug|Any CPU.Build.0 = Debug|Any CPU
		{04852479-8932-4AE0-8D87-AABAED0EA971}.Release|Any CPU.ActiveCfg = Release|Any CPU
		{04852479-8932-4AE0-8D87-AABAED0EA971}.Release|Any CPU.Build.0 = Release|Any CPU
		{23EA1D43-328D-4EC1-830E-C1797E1666A6}.Debug|Any CPU.ActiveCfg = Debug|Any CPU
		{23EA1D43-328D-4EC1-830E-C1797E1666A6}.Debug|Any CPU.Build.0 = Debug|Any CPU
		{23EA1D43-328D-4EC1-830E-C1797E1666A6}.Release|Any CPU.ActiveCfg = Release|Any CPU
		{23EA1D43-328D-4EC1-830E-C1797E1666A6}.Release|Any CPU.Build.0 = Release|Any CPU
		{D996F215-48C7-4489-9B26-7AE3221A394A}.Debug|Any CPU.ActiveCfg = Debug|Any CPU
		{D996F215-48C7-4489-9B26-7AE3221A394A}.Debug|Any CPU.Build.0 = Debug|Any CPU
		{D996F215-48C7-4489-9B26-7AE3221A394A}.Release|Any CPU.ActiveCfg = Release|Any CPU
		{D996F215-48C7-4489-9B26-7AE3221A394A}.Release|Any CPU.Build.0 = Release|Any CPU
		{B5E634E9-9CF8-469B-9312-B439E797A96D}.Debug|Any CPU.ActiveCfg = Debug|Any CPU
		{B5E634E9-9CF8-469B-9312-B439E797A96D}.Debug|Any CPU.Build.0 = Debug|Any CPU
		{B5E634E9-9CF8-469B-9312-B439E797A96D}.Release|Any CPU.ActiveCfg = Release|Any CPU
		{B5E634E9-9CF8-469B-9312-B439E797A96D}.Release|Any CPU.Build.0 = Release|Any CPU
		{1A393DB3-C6F8-4736-9A5A-462394D320A5}.Debug|Any CPU.ActiveCfg = Debug|Any CPU
		{1A393DB3-C6F8-4736-9A5A-462394D320A5}.Debug|Any CPU.Build.0 = Debug|Any CPU
		{1A393DB3-C6F8-4736-9A5A-462394D320A5}.Release|Any CPU.ActiveCfg = Release|Any CPU
		{1A393DB3-C6F8-4736-9A5A-462394D320A5}.Release|Any CPU.Build.0 = Release|Any CPU
		{CBD19CC8-E6BF-4BF8-8121-A4E325115143}.Debug|Any CPU.ActiveCfg = Debug|Any CPU
		{CBD19CC8-E6BF-4BF8-8121-A4E325115143}.Debug|Any CPU.Build.0 = Debug|Any CPU
		{CBD19CC8-E6BF-4BF8-8121-A4E325115143}.Release|Any CPU.ActiveCfg = Release|Any CPU
		{CBD19CC8-E6BF-4BF8-8121-A4E325115143}.Release|Any CPU.Build.0 = Release|Any CPU
	EndGlobalSection
	GlobalSection(SolutionProperties) = preSolution
		HideSolutionNode = FALSE
	EndGlobalSection
	GlobalSection(NestedProjects) = preSolution
		{A6CEF902-11CB-4877-BBD2-FBE1AF27A62F} = {69C84246-AA75-43E8-94B2-66FD555B18B0}
		{607C2690-8F7C-4348-B38D-6DE633FC37F9} = {58BC6728-197C-484C-A8EC-38BC2F0B58C4}
		{CB8A2B57-146C-4D3F-B02C-F6DE21C5DE42} = {58BC6728-197C-484C-A8EC-38BC2F0B58C4}
		{2326FBB5-CB4B-4153-AF13-22152C265D5F} = {69C84246-AA75-43E8-94B2-66FD555B18B0}
		{04852479-8932-4AE0-8D87-AABAED0EA971} = {69C84246-AA75-43E8-94B2-66FD555B18B0}
		{23EA1D43-328D-4EC1-830E-C1797E1666A6} = {69C84246-AA75-43E8-94B2-66FD555B18B0}
		{711F4C2D-06C4-4A34-BDF3-5FA737DB1133} = {E84E1AF8-ACAF-4D1A-A59D-999E873C0A71}
		{E122CEC1-82DD-43C7-952A-CBF61C0273B5} = {711F4C2D-06C4-4A34-BDF3-5FA737DB1133}
		{17137DCD-1D96-4640-9977-4CC9EED18057} = {E122CEC1-82DD-43C7-952A-CBF61C0273B5}
		{D996F215-48C7-4489-9B26-7AE3221A394A} = {711F4C2D-06C4-4A34-BDF3-5FA737DB1133}
		{B5E634E9-9CF8-469B-9312-B439E797A96D} = {17137DCD-1D96-4640-9977-4CC9EED18057}
		{1A393DB3-C6F8-4736-9A5A-462394D320A5} = {17137DCD-1D96-4640-9977-4CC9EED18057}
		{CBD19CC8-E6BF-4BF8-8121-A4E325115143} = {711F4C2D-06C4-4A34-BDF3-5FA737DB1133}
	EndGlobalSection
	GlobalSection(ExtensibilityGlobals) = postSolution
		SolutionGuid = {04120463-05C5-417B-8D7A-2D7D35B71A07}
	EndGlobalSection
EndGlobal
