
Microsoft Visual Studio Solution File, Format Version 12.00
# Visual Studio Version 17
VisualStudioVersion = 17.0.31903.59
MinimumVisualStudioVersion = 15.0.26124.0
Project("{2150E333-8FDC-42A3-9474-1A3956D46DE8}") = "src", "src", "{69C84246-AA75-43E8-94B2-66FD555B18B0}"
EndProject
Project("{2150E333-8FDC-42A3-9474-1A3956D46DE8}") = "docs", "docs", "{DAC1423F-D386-4838-AEA0-8BFFBB449ED2}"
	ProjectSection(SolutionItems) = preProject
		README.md = README.md
	EndProjectSection
EndProject
Project("{2150E333-8FDC-42A3-9474-1A3956D46DE8}") = "test", "test", "{58BC6728-197C-484C-A8EC-38BC2F0B58C4}"
EndProject
Project("{9A19103F-16F7-4668-BE54-9A1E7A4F7556}") = "Atc.Azure.IoT", "src\Atc.Azure.IoT\Atc.Azure.IoT.csproj", "{A6CEF902-11CB-4877-BBD2-FBE1AF27A62F}"
EndProject
Project("{9A19103F-16F7-4668-BE54-9A1E7A4F7556}") = "Atc.Azure.IotEdge.Client.Tests", "test\Atc.Azure.IotEdge.Client.Tests\Atc.Azure.IotEdge.Client.Tests.csproj", "{607C2690-8F7C-4348-B38D-6DE633FC37F9}"
EndProject
Project("{9A19103F-16F7-4668-BE54-9A1E7A4F7556}") = "Atc.Azure.IoT.Tests", "test\Atc.Azure.IoT.Tests\Atc.Azure.IoT.Tests.csproj", "{CB8A2B57-146C-4D3F-B02C-F6DE21C5DE42}"
EndProject
Project("{2150E333-8FDC-42A3-9474-1A3956D46DE8}") = "sample", "sample", "{3ADCD695-1274-4050-AF9D-81D5302A3F41}"
EndProject
Project("{9A19103F-16F7-4668-BE54-9A1E7A4F7556}") = "Atc.Azure.IoT.Console.Sample", "sample\Atc.Azure.IoT.Console.Sample\Atc.Azure.IoT.Console.Sample.csproj", "{E9467AA1-1A52-4A80-BB8D-4FC56B2172CF}"
EndProject
Project("{9A19103F-16F7-4668-BE54-9A1E7A4F7556}") = "Atc.Azure.IoT.CLI", "src\Atc.Azure.IoT.CLI\Atc.Azure.IoT.CLI.csproj", "{2326FBB5-CB4B-4153-AF13-22152C265D5F}"
EndProject
Project("{9A19103F-16F7-4668-BE54-9A1E7A4F7556}") = "Atc.Azure.IoTEdge", "src\Atc.Azure.IoTEdge\Atc.Azure.IoTEdge.csproj", "{04852479-8932-4AE0-8D87-AABAED0EA971}"
EndProject
Global
	GlobalSection(SolutionConfigurationPlatforms) = preSolution
		Debug|Any CPU = Debug|Any CPU
		Release|Any CPU = Release|Any CPU
	EndGlobalSection
	GlobalSection(ProjectConfigurationPlatforms) = postSolution
		{A6CEF902-11CB-4877-BBD2-FBE1AF27A62F}.Debug|Any CPU.ActiveCfg = Debug|Any CPU
		{A6CEF902-11CB-4877-BBD2-FBE1AF27A62F}.Debug|Any CPU.Build.0 = Debug|Any CPU
		{A6CEF902-11CB-4877-BBD2-FBE1AF27A62F}.Release|Any CPU.ActiveCfg = Release|Any CPU
		{A6CEF902-11CB-4877-BBD2-FBE1AF27A62F}.Release|Any CPU.Build.0 = Release|Any CPU
		{607C2690-8F7C-4348-B38D-6DE633FC37F9}.Debug|Any CPU.ActiveCfg = Debug|Any CPU
		{607C2690-8F7C-4348-B38D-6DE633FC37F9}.Debug|Any CPU.Build.0 = Debug|Any CPU
		{607C2690-8F7C-4348-B38D-6DE633FC37F9}.Release|Any CPU.ActiveCfg = Release|Any CPU
		{607C2690-8F7C-4348-B38D-6DE633FC37F9}.Release|Any CPU.Build.0 = Release|Any CPU
		{CB8A2B57-146C-4D3F-B02C-F6DE21C5DE42}.Debug|Any CPU.ActiveCfg = Debug|Any CPU
		{CB8A2B57-146C-4D3F-B02C-F6DE21C5DE42}.Debug|Any CPU.Build.0 = Debug|Any CPU
		{CB8A2B57-146C-4D3F-B02C-F6DE21C5DE42}.Release|Any CPU.ActiveCfg = Release|Any CPU
		{CB8A2B57-146C-4D3F-B02C-F6DE21C5DE42}.Release|Any CPU.Build.0 = Release|Any CPU
		{E9467AA1-1A52-4A80-BB8D-4FC56B2172CF}.Debug|Any CPU.ActiveCfg = Debug|Any CPU
		{E9467AA1-1A52-4A80-BB8D-4FC56B2172CF}.Debug|Any CPU.Build.0 = Debug|Any CPU
		{E9467AA1-1A52-4A80-BB8D-4FC56B2172CF}.Release|Any CPU.ActiveCfg = Release|Any CPU
		{E9467AA1-1A52-4A80-BB8D-4FC56B2172CF}.Release|Any CPU.Build.0 = Release|Any CPU
		{2326FBB5-CB4B-4153-AF13-22152C265D5F}.Debug|Any CPU.ActiveCfg = Debug|Any CPU
		{2326FBB5-CB4B-4153-AF13-22152C265D5F}.Debug|Any CPU.Build.0 = Debug|Any CPU
		{2326FBB5-CB4B-4153-AF13-22152C265D5F}.Release|Any CPU.ActiveCfg = Release|Any CPU
		{2326FBB5-CB4B-4153-AF13-22152C265D5F}.Release|Any CPU.Build.0 = Release|Any CPU
		{04852479-8932-4AE0-8D87-AABAED0EA971}.Debug|Any CPU.ActiveCfg = Debug|Any CPU
		{04852479-8932-4AE0-8D87-AABAED0EA971}.Debug|Any CPU.Build.0 = Debug|Any CPU
		{04852479-8932-4AE0-8D87-AABAED0EA971}.Release|Any CPU.ActiveCfg = Release|Any CPU
		{04852479-8932-4AE0-8D87-AABAED0EA971}.Release|Any CPU.Build.0 = Release|Any CPU
	EndGlobalSection
	GlobalSection(SolutionProperties) = preSolution
		HideSolutionNode = FALSE
	EndGlobalSection
	GlobalSection(NestedProjects) = preSolution
		{A6CEF902-11CB-4877-BBD2-FBE1AF27A62F} = {69C84246-AA75-43E8-94B2-66FD555B18B0}
		{607C2690-8F7C-4348-B38D-6DE633FC37F9} = {58BC6728-197C-484C-A8EC-38BC2F0B58C4}
		{CB8A2B57-146C-4D3F-B02C-F6DE21C5DE42} = {58BC6728-197C-484C-A8EC-38BC2F0B58C4}
		{E9467AA1-1A52-4A80-BB8D-4FC56B2172CF} = {3ADCD695-1274-4050-AF9D-81D5302A3F41}
		{2326FBB5-CB4B-4153-AF13-22152C265D5F} = {69C84246-AA75-43E8-94B2-66FD555B18B0}
		{04852479-8932-4AE0-8D87-AABAED0EA971} = {69C84246-AA75-43E8-94B2-66FD555B18B0}
	EndGlobalSection
	GlobalSection(ExtensibilityGlobals) = postSolution
		SolutionGuid = {04120463-05C5-417B-8D7A-2D7D35B71A07}
	EndGlobalSection
EndGlobal
